
Microsoft Visual Studio Solution File, Format Version 12.00
# Visual Studio 15
VisualStudioVersion = 15.0.27703.2035
MinimumVisualStudioVersion = 10.0.40219.1
Project("{FAE04EC0-301F-11D3-BF4B-00C04F79EFBC}") = "ContosoUniversity", "ContosoUniversity\ContosoUniversity.csproj", "{A0871773-620C-4A29-855A-8C45A1FBBC2C}"
EndProject
Global
	GlobalSection(SolutionConfigurationPlatforms) = preSolution
		Debug|Any CPU = Debug|Any CPU
		Release|Any CPU = Release|Any CPU
	EndGlobalSection
	GlobalSection(ProjectConfigurationPlatforms) = postSolution
		{A0871773-620C-4A29-855A-8C45A1FBBC2C}.Debug|Any CPU.ActiveCfg = Debug|Any CPU
		{A0871773-620C-4A29-855A-8C45A1FBBC2C}.Debug|Any CPU.Build.0 = Debug|Any CPU
		{A0871773-620C-4A29-855A-8C45A1FBBC2C}.Release|Any CPU.ActiveCfg = Release|Any CPU
		{A0871773-620C-4A29-855A-8C45A1FBBC2C}.Release|Any CPU.Build.0 = Release|Any CPU
	EndGlobalSection
	GlobalSection(SolutionProperties) = preSolution
		HideSolutionNode = FALSE
	EndGlobalSection
	GlobalSection(ExtensibilityGlobals) = postSolution
		SolutionGuid = {58E1A4AF-C425-43F3-82F5-54F73911B426}
	EndGlobalSection
EndGlobal
